
Microsoft Visual Studio Solution File, Format Version 11.00
# Visual Studio 2010
Project("{F088123C-0E9E-452A-89E6-6BA2F21D5CAC}") = "PhysicsLabDesign", "PhysicsLabDesign\PhysicsLabDesign.modelproj", "{89BDD9C0-9F72-452E-ADF6-C2A217540E41}"
EndProject
Project("{FAE04EC0-301F-11D3-BF4B-00C04F79EFBC}") = "PhysiXEngine", "PhysiXEngine\PhysiXEngine.csproj", "{14604323-9A03-42D6-8C2E-D443B2BC9733}"
EndProject
Project("{FAE04EC0-301F-11D3-BF4B-00C04F79EFBC}") = "Test", "PhysiXLab\PhysiXLab\Test.csproj", "{70B462C1-4680-4F68-926E-7353A515B31A}"
EndProject
Project("{FAE04EC0-301F-11D3-BF4B-00C04F79EFBC}") = "TestContent", "PhysiXLab\PhysiXLabContent\TestContent.contentproj", "{4369C0DA-852E-42CB-866F-9FEBB266ECA9}"
EndProject
Global
	GlobalSection(SolutionConfigurationPlatforms) = preSolution
		Debug|Any CPU = Debug|Any CPU
		Debug|Mixed Platforms = Debug|Mixed Platforms
		Debug|x86 = Debug|x86
		Release|Any CPU = Release|Any CPU
		Release|Mixed Platforms = Release|Mixed Platforms
		Release|x86 = Release|x86
	EndGlobalSection
	GlobalSection(ProjectConfigurationPlatforms) = postSolution
		{89BDD9C0-9F72-452E-ADF6-C2A217540E41}.Debug|Any CPU.ActiveCfg = Debug|Any CPU
		{89BDD9C0-9F72-452E-ADF6-C2A217540E41}.Debug|Any CPU.Build.0 = Debug|Any CPU
		{89BDD9C0-9F72-452E-ADF6-C2A217540E41}.Debug|Mixed Platforms.ActiveCfg = Debug|Any CPU
		{89BDD9C0-9F72-452E-ADF6-C2A217540E41}.Debug|Mixed Platforms.Build.0 = Debug|Any CPU
		{89BDD9C0-9F72-452E-ADF6-C2A217540E41}.Debug|x86.ActiveCfg = Debug|Any CPU
		{89BDD9C0-9F72-452E-ADF6-C2A217540E41}.Release|Any CPU.ActiveCfg = Release|Any CPU
		{89BDD9C0-9F72-452E-ADF6-C2A217540E41}.Release|Any CPU.Build.0 = Release|Any CPU
		{89BDD9C0-9F72-452E-ADF6-C2A217540E41}.Release|Mixed Platforms.ActiveCfg = Release|Any CPU
		{89BDD9C0-9F72-452E-ADF6-C2A217540E41}.Release|Mixed Platforms.Build.0 = Release|Any CPU
		{89BDD9C0-9F72-452E-ADF6-C2A217540E41}.Release|x86.ActiveCfg = Release|Any CPU
		{14604323-9A03-42D6-8C2E-D443B2BC9733}.Debug|Any CPU.ActiveCfg = Debug|Any CPU
		{14604323-9A03-42D6-8C2E-D443B2BC9733}.Debug|Any CPU.Build.0 = Debug|Any CPU
		{14604323-9A03-42D6-8C2E-D443B2BC9733}.Debug|Mixed Platforms.ActiveCfg = Debug|Any CPU
		{14604323-9A03-42D6-8C2E-D443B2BC9733}.Debug|Mixed Platforms.Build.0 = Debug|Any CPU
		{14604323-9A03-42D6-8C2E-D443B2BC9733}.Debug|x86.ActiveCfg = Debug|Any CPU
		{14604323-9A03-42D6-8C2E-D443B2BC9733}.Release|Any CPU.ActiveCfg = Release|Any CPU
		{14604323-9A03-42D6-8C2E-D443B2BC9733}.Release|Any CPU.Build.0 = Release|Any CPU
		{14604323-9A03-42D6-8C2E-D443B2BC9733}.Release|Mixed Platforms.ActiveCfg = Release|Any CPU
		{14604323-9A03-42D6-8C2E-D443B2BC9733}.Release|Mixed Platforms.Build.0 = Release|Any CPU
		{14604323-9A03-42D6-8C2E-D443B2BC9733}.Release|x86.ActiveCfg = Release|Any CPU
		{70B462C1-4680-4F68-926E-7353A515B31A}.Debug|Any CPU.ActiveCfg = Debug|x86
		{70B462C1-4680-4F68-926E-7353A515B31A}.Debug|Mixed Platforms.ActiveCfg = Debug|x86
		{70B462C1-4680-4F68-926E-7353A515B31A}.Debug|Mixed Platforms.Build.0 = Debug|x86
		{70B462C1-4680-4F68-926E-7353A515B31A}.Debug|x86.ActiveCfg = Debug|x86
		{70B462C1-4680-4F68-926E-7353A515B31A}.Debug|x86.Build.0 = Debug|x86
		{70B462C1-4680-4F68-926E-7353A515B31A}.Release|Any CPU.ActiveCfg = Release|x86
		{70B462C1-4680-4F68-926E-7353A515B31A}.Release|Mixed Platforms.ActiveCfg = Release|x86
		{70B462C1-4680-4F68-926E-7353A515B31A}.Release|Mixed Platforms.Build.0 = Release|x86
		{70B462C1-4680-4F68-926E-7353A515B31A}.Release|x86.ActiveCfg = Release|x86
		{70B462C1-4680-4F68-926E-7353A515B31A}.Release|x86.Build.0 = Release|x86
		{4369C0DA-852E-42CB-866F-9FEBB266ECA9}.Debug|Any CPU.ActiveCfg = Debug|x86
		{4369C0DA-852E-42CB-866F-9FEBB266ECA9}.Debug|Mixed Platforms.ActiveCfg = Debug|x86
		{4369C0DA-852E-42CB-866F-9FEBB266ECA9}.Debug|x86.ActiveCfg = Debug|x86
		{4369C0DA-852E-42CB-866F-9FEBB266ECA9}.Release|Any CPU.ActiveCfg = Release|x86
		{4369C0DA-852E-42CB-866F-9FEBB266ECA9}.Release|Mixed Platforms.ActiveCfg = Release|x86
		{4369C0DA-852E-42CB-866F-9FEBB266ECA9}.Release|x86.ActiveCfg = Release|x86
	EndGlobalSection
	GlobalSection(SolutionProperties) = preSolution
		HideSolutionNode = FALSE
	EndGlobalSection
EndGlobal
